<?xml version="1.0" encoding="utf-8"?>
<Project ToolsVersion="4.0" xmlns="http://schemas.microsoft.com/developer/msbuild/2003">
  <ItemGroup>
    <Filter Include="Resource Files">
      <UniqueIdentifier>{67DA6AB6-F800-4c08-8B7A-83BB121AAD01}</UniqueIdentifier>
      <Extensions>qrc;rc;ico;cur;bmp;dlg;rc2;rct;bin;rgs;gif;jpg;jpeg;jpe;resx;tiff;tif;png;wav;mfcribbon-ms</Extensions>
    </Filter>
    <Filter Include="Database">
      <UniqueIdentifier>{4d247dff-0020-4e4c-a5ac-6ef4c69a26d0}</UniqueIdentifier>
    </Filter>
    <Filter Include="Windows">
      <UniqueIdentifier>{d9b144b3-0226-4f3d-90b9-c6c1ee56c95d}</UniqueIdentifier>
    </Filter>
    <Filter Include="Widgets">
      <UniqueIdentifier>{a7760c17-aa64-4106-ac99-29d55167defb}</UniqueIdentifier>
    </Filter>
    <Filter Include="Helpful">
      <UniqueIdentifier>{a6609689-711c-47f3-a04a-a7ca3c57d7a0}</UniqueIdentifier>
    </Filter>
  </ItemGroup>
  <ItemGroup>
    <QtRcc Include="CExoplismouMainWindow.qrc">
      <Filter>Resource Files</Filter>
    </QtRcc>
  </ItemGroup>
  <ItemGroup>
    <ClCompile Include="Database\CDatabaseManager.cpp">
      <Filter>Database</Filter>
    </ClCompile>
    <ClCompile Include="stdafx.cpp" />
    <ClCompile Include="Windows\CExoplismouMainWindow.cpp">
      <Filter>Windows</Filter>
    </ClCompile>
    <ClCompile Include="Windows\CAuthentificationWindow.cpp">
      <Filter>Windows</Filter>
    </ClCompile>
    <ClCompile Include="Global.cpp" />
    <ClCompile Include="Database\DatabaseHelper.cpp">
      <Filter>Database</Filter>
    </ClCompile>
    <ClCompile Include="Helpful\captcha.cpp">
      <Filter>Helpful</Filter>
    </ClCompile>
    <ClCompile Include="Windows\CCaptchaWindow.cpp">
      <Filter>Windows</Filter>
    </ClCompile>
    <ClCompile Include="Widgets\CPasswordEditWidget.cpp">
      <Filter>Widgets</Filter>
    </ClCompile>
    <ClCompile Include="Widgets\CMenuTemplateWidget.cpp">
      <Filter>Widgets</Filter>
    </ClCompile>
    <ClCompile Include="Widgets\CAuthHistoryWidget.cpp">
      <Filter>Widgets</Filter>
    </ClCompile>
    <ClCompile Include="main.cpp" />
    <ClCompile Include="Widgets\CEditUserDataWidget.cpp">
      <Filter>Widgets</Filter>
    </ClCompile>
    <ClCompile Include="Widgets\CCustomerMenuWidget.cpp">
      <Filter>Widgets</Filter>
    </ClCompile>
    <ClCompile Include="Widgets\CManagerMenuWidget.cpp">
      <Filter>Widgets</Filter>
    </ClCompile>
    <ClCompile Include="Widgets\CMasterMenuWidget.cpp">
      <Filter>Widgets</Filter>
    </ClCompile>
    <ClCompile Include="Widgets\COperatorMenuWidget.cpp">
      <Filter>Widgets</Filter>
    </ClCompile>
    <ClCompile Include="Widgets\CRequestsViewWidget.cpp">
      <Filter>Widgets</Filter>
    </ClCompile>
    <ClCompile Include="Helpful\QrCodeGenerator.cpp">
      <Filter>Helpful</Filter>
    </ClCompile>
    <ClCompile Include="Helpful\qrcodegen\qrcodegen.cpp">
      <Filter>Helpful</Filter>
    </ClCompile>
    <ClCompile Include="Windows\CAddCommentWindow.cpp">
      <Filter>Windows</Filter>
    </ClCompile>
    <ClCompile Include="Windows\CEditRequestWindow.cpp">
      <Filter>Windows</Filter>
    </ClCompile>
    <ClCompile Include="Widgets\CExtensionsWidget.cpp">
      <Filter>Widgets</Filter>
    </ClCompile>
    <ClCompile Include="Widgets\CMastersWidget.cpp">
      <Filter>Widgets</Filter>
    </ClCompile>
    <ClCompile Include="Windows\CReportsWindow.cpp">
      <Filter>Windows</Filter>
    </ClCompile>
    <ClCompile Include="Windows\CCommentsWindow.cpp">
      <Filter>Windows</Filter>
    </ClCompile>
  </ItemGroup>
  <ItemGroup>
    <ClInclude Include="Database\CDatabaseManager.h">
      <Filter>Database</Filter>
    </ClInclude>
    <ClInclude Include="Database\DatabaseHelper.h">
      <Filter>Database</Filter>
    </ClInclude>
    <ClInclude Include="stdafx.h" />
    <ClInclude Include="Windows\CAuthentificationWindow.h">
      <Filter>Windows</Filter>
    </ClInclude>
    <ClInclude Include="Global.h" />
    <ClInclude Include="Windows\CCaptchaWindow.h">
      <Filter>Windows</Filter>
    </ClInclude>
    <ClInclude Include="Helpful\QrCodeGenerator.h">
      <Filter>Helpful</Filter>
    </ClInclude>
    <ClInclude Include="Helpful\qrcodegen\qrcodegen.h">
      <Filter>Helpful</Filter>
    </ClInclude>
    <ClInclude Include="Windows\CAddCommentWindow.h">
      <Filter>Windows</Filter>
    </ClInclude>
    <ClInclude Include="Windows\CEditRequestWindow.h">
      <Filter>Windows</Filter>
    </ClInclude>
  </ItemGroup>
  <ItemGroup>
    <QtMoc Include="Windows\CExoplismouMainWindow.h">
      <Filter>Windows</Filter>
    </QtMoc>
    <QtMoc Include="Helpful\captcha.h">
      <Filter>Helpful</Filter>
    </QtMoc>
    <QtMoc Include="Widgets\CPasswordEditWidget.h">
      <Filter>Widgets</Filter>
    </QtMoc>
    <QtMoc Include="Widgets\CMenuTemplateWidget.h">
      <Filter>Widgets</Filter>
    </QtMoc>
    <QtMoc Include="Widgets\CAuthHistoryWidget.h">
      <Filter>Widgets</Filter>
    </QtMoc>
    <QtMoc Include="Widgets\CEditUserDataWidget.h">
      <Filter>Widgets</Filter>
    </QtMoc>
    <QtMoc Include="Widgets\CManagerMenuWidget.h">
      <Filter>Widgets</Filter>
    </QtMoc>
    <QtMoc Include="Widgets\COperatorMenuWidget.h">
      <Filter>Widgets</Filter>
    </QtMoc>
    <QtMoc Include="Widgets\CCustomerMenuWidget.h">
      <Filter>Widgets</Filter>
    </QtMoc>
    <QtMoc Include="Widgets\CMasterMenuWidget.h">
      <Filter>Widgets</Filter>
    </QtMoc>
    <QtMoc Include="Widgets\CRequestsViewWidget.h">
      <Filter>Widgets</Filter>
    </QtMoc>
    <QtMoc Include="Widgets\CExtensionsWidget.h">
      <Filter>Widgets</Filter>
    </QtMoc>
    <QtMoc Include="Widgets\CMastersWidget.h">
      <Filter>Widgets</Filter>
    </QtMoc>
    <QtMoc Include="Windows\CReportsWindow.h">
      <Filter>Windows</Filter>
    </QtMoc>
    <QtMoc Include="Windows\CCommentsWindow.h">
      <Filter>Windows</Filter>
    </QtMoc>
  </ItemGroup>
</Project>